
Microsoft Visual Studio Solution File, Format Version 12.00
# Visual Studio Version 16
VisualStudioVersion = 16.0.30320.27
MinimumVisualStudioVersion = 10.0.40219.1
Project("{9A19103F-16F7-4668-BE54-9A1E7A4F7556}") = "Shinomiya.UI", "Shinomiya.UI\Shinomiya.UI.csproj", "{60C64E22-D9C1-4266-8100-14460F941383}"
EndProject
Project("{9A19103F-16F7-4668-BE54-9A1E7A4F7556}") = "Shinomiya", "Shinomiya\Shinomiya.csproj", "{F27CF97A-8DE1-4B8B-B285-C3BDD1ECFAFD}"
EndProject
Project("{9A19103F-16F7-4668-BE54-9A1E7A4F7556}") = "Shinomiya.Electron.Client", "Shinomiya.Electron.Client\Shinomiya.Electron.Client.csproj", "{0CEA534F-FB89-4917-9E13-A71DF9983A6A}"
EndProject
Project("{9A19103F-16F7-4668-BE54-9A1E7A4F7556}") = "Shinomiya.Electron.Server", "Shinomiya.Electron.Server\Shinomiya.Electron.Server.csproj", "{78E44246-1673-49FB-A36C-9F32B7273165}"
EndProject
Global
	GlobalSection(SolutionConfigurationPlatforms) = preSolution
		Debug|Any CPU = Debug|Any CPU
		Debug|x64 = Debug|x64
		Release|Any CPU = Release|Any CPU
		Release|x64 = Release|x64
	EndGlobalSection
	GlobalSection(ProjectConfigurationPlatforms) = postSolution
		{60C64E22-D9C1-4266-8100-14460F941383}.Debug|Any CPU.ActiveCfg = Debug|Any CPU
		{60C64E22-D9C1-4266-8100-14460F941383}.Debug|Any CPU.Build.0 = Debug|Any CPU
		{60C64E22-D9C1-4266-8100-14460F941383}.Debug|x64.ActiveCfg = Debug|Any CPU
		{60C64E22-D9C1-4266-8100-14460F941383}.Debug|x64.Build.0 = Debug|Any CPU
		{60C64E22-D9C1-4266-8100-14460F941383}.Release|Any CPU.ActiveCfg = Release|Any CPU
		{60C64E22-D9C1-4266-8100-14460F941383}.Release|Any CPU.Build.0 = Release|Any CPU
		{60C64E22-D9C1-4266-8100-14460F941383}.Release|x64.ActiveCfg = Release|Any CPU
		{60C64E22-D9C1-4266-8100-14460F941383}.Release|x64.Build.0 = Release|Any CPU
		{F27CF97A-8DE1-4B8B-B285-C3BDD1ECFAFD}.Debug|Any CPU.ActiveCfg = Debug|Any CPU
		{F27CF97A-8DE1-4B8B-B285-C3BDD1ECFAFD}.Debug|Any CPU.Build.0 = Debug|Any CPU
		{F27CF97A-8DE1-4B8B-B285-C3BDD1ECFAFD}.Debug|x64.ActiveCfg = Debug|Any CPU
		{F27CF97A-8DE1-4B8B-B285-C3BDD1ECFAFD}.Debug|x64.Build.0 = Debug|Any CPU
		{F27CF97A-8DE1-4B8B-B285-C3BDD1ECFAFD}.Release|Any CPU.ActiveCfg = Release|Any CPU
		{F27CF97A-8DE1-4B8B-B285-C3BDD1ECFAFD}.Release|Any CPU.Build.0 = Release|Any CPU
		{F27CF97A-8DE1-4B8B-B285-C3BDD1ECFAFD}.Release|x64.ActiveCfg = Release|Any CPU
		{F27CF97A-8DE1-4B8B-B285-C3BDD1ECFAFD}.Release|x64.Build.0 = Release|Any CPU
		{0CEA534F-FB89-4917-9E13-A71DF9983A6A}.Debug|Any CPU.ActiveCfg = Debug|Any CPU
		{0CEA534F-FB89-4917-9E13-A71DF9983A6A}.Debug|Any CPU.Build.0 = Debug|Any CPU
		{0CEA534F-FB89-4917-9E13-A71DF9983A6A}.Debug|x64.ActiveCfg = Debug|Any CPU
		{0CEA534F-FB89-4917-9E13-A71DF9983A6A}.Debug|x64.Build.0 = Debug|Any CPU
		{0CEA534F-FB89-4917-9E13-A71DF9983A6A}.Release|Any CPU.ActiveCfg = Release|Any CPU
		{0CEA534F-FB89-4917-9E13-A71DF9983A6A}.Release|Any CPU.Build.0 = Release|Any CPU
		{0CEA534F-FB89-4917-9E13-A71DF9983A6A}.Release|x64.ActiveCfg = Release|Any CPU
		{0CEA534F-FB89-4917-9E13-A71DF9983A6A}.Release|x64.Build.0 = Release|Any CPU
		{78E44246-1673-49FB-A36C-9F32B7273165}.Debug|Any CPU.ActiveCfg = Debug|Any CPU
		{78E44246-1673-49FB-A36C-9F32B7273165}.Debug|Any CPU.Build.0 = Debug|Any CPU
		{78E44246-1673-49FB-A36C-9F32B7273165}.Debug|x64.ActiveCfg = Debug|Any CPU
		{78E44246-1673-49FB-A36C-9F32B7273165}.Debug|x64.Build.0 = Debug|Any CPU
		{78E44246-1673-49FB-A36C-9F32B7273165}.Release|Any CPU.ActiveCfg = Release|Any CPU
		{78E44246-1673-49FB-A36C-9F32B7273165}.Release|Any CPU.Build.0 = Release|Any CPU
		{78E44246-1673-49FB-A36C-9F32B7273165}.Release|x64.ActiveCfg = Release|Any CPU
		{78E44246-1673-49FB-A36C-9F32B7273165}.Release|x64.Build.0 = Release|Any CPU
	EndGlobalSection
	GlobalSection(SolutionProperties) = preSolution
		HideSolutionNode = FALSE
	EndGlobalSection
	GlobalSection(ExtensibilityGlobals) = postSolution
		SolutionGuid = {382334A4-F577-4AAA-9692-F0AFDA95083C}
	EndGlobalSection
EndGlobal
